
Microsoft Visual Studio Solution File, Format Version 12.00
# Visual Studio Version 18
VisualStudioVersion = 18.4.11626.88 stable
MinimumVisualStudioVersion = 10.0.40219.1
Project("{FAE04EC0-301F-11D3-BF4B-00C04F79EFBC}") = "Web", "Web\Web.csproj", "{BE734518-64A2-4233-8A6E-7B6083B8620F}"
EndProject
Project("{FAE04EC0-301F-11D3-BF4B-00C04F79EFBC}") = "AnemicModels", "AnemicModels\AnemicModels.csproj", "{83B1A4CD-6CD9-46AC-858D-A16997874212}"
EndProject
Project("{FAE04EC0-301F-11D3-BF4B-00C04F79EFBC}") = "Demos", "Demos\Demos.csproj", "{45D2FFAD-9E81-B838-5194-FED446F48589}"
EndProject
Project("{FAE04EC0-301F-11D3-BF4B-00C04F79EFBC}") = "DemosTest", "DemosTest\DemosTest.csproj", "{779EBFCA-0B9D-E164-54F3-679EFD423740}"
EndProject
Project("{FAE04EC0-301F-11D3-BF4B-00C04F79EFBC}") = "ConsoleDemos", "ConsoleDemos\ConsoleDemos.csproj", "{54AD0928-67EB-4186-A318-E4186363C327}"
EndProject
Global
	GlobalSection(SolutionConfigurationPlatforms) = preSolution
		Debug|Any CPU = Debug|Any CPU
		Release|Any CPU = Release|Any CPU
	EndGlobalSection
	GlobalSection(ProjectConfigurationPlatforms) = postSolution
		{BE734518-64A2-4233-8A6E-7B6083B8620F}.Debug|Any CPU.ActiveCfg = Debug|Any CPU
		{BE734518-64A2-4233-8A6E-7B6083B8620F}.Debug|Any CPU.Build.0 = Debug|Any CPU
		{BE734518-64A2-4233-8A6E-7B6083B8620F}.Release|Any CPU.ActiveCfg = Release|Any CPU
		{BE734518-64A2-4233-8A6E-7B6083B8620F}.Release|Any CPU.Build.0 = Release|Any CPU
		{83B1A4CD-6CD9-46AC-858D-A16997874212}.Debug|Any CPU.ActiveCfg = Debug|Any CPU
		{83B1A4CD-6CD9-46AC-858D-A16997874212}.Debug|Any CPU.Build.0 = Debug|Any CPU
		{83B1A4CD-6CD9-46AC-858D-A16997874212}.Release|Any CPU.ActiveCfg = Release|Any CPU
		{83B1A4CD-6CD9-46AC-858D-A16997874212}.Release|Any CPU.Build.0 = Release|Any CPU
		{45D2FFAD-9E81-B838-5194-FED446F48589}.Debug|Any CPU.ActiveCfg = Debug|Any CPU
		{45D2FFAD-9E81-B838-5194-FED446F48589}.Debug|Any CPU.Build.0 = Debug|Any CPU
		{45D2FFAD-9E81-B838-5194-FED446F48589}.Release|Any CPU.ActiveCfg = Release|Any CPU
		{45D2FFAD-9E81-B838-5194-FED446F48589}.Release|Any CPU.Build.0 = Release|Any CPU
		{779EBFCA-0B9D-E164-54F3-679EFD423740}.Debug|Any CPU.ActiveCfg = Debug|Any CPU
		{779EBFCA-0B9D-E164-54F3-679EFD423740}.Debug|Any CPU.Build.0 = Debug|Any CPU
		{779EBFCA-0B9D-E164-54F3-679EFD423740}.Release|Any CPU.ActiveCfg = Release|Any CPU
		{779EBFCA-0B9D-E164-54F3-679EFD423740}.Release|Any CPU.Build.0 = Release|Any CPU
		{54AD0928-67EB-4186-A318-E4186363C327}.Debug|Any CPU.ActiveCfg = Debug|Any CPU
		{54AD0928-67EB-4186-A318-E4186363C327}.Debug|Any CPU.Build.0 = Debug|Any CPU
		{54AD0928-67EB-4186-A318-E4186363C327}.Release|Any CPU.ActiveCfg = Release|Any CPU
		{54AD0928-67EB-4186-A318-E4186363C327}.Release|Any CPU.Build.0 = Release|Any CPU
	EndGlobalSection
	GlobalSection(SolutionProperties) = preSolution
		HideSolutionNode = FALSE
	EndGlobalSection
	GlobalSection(ExtensibilityGlobals) = postSolution
		SolutionGuid = {53775EC8-A7BF-423F-ADBF-48AF663BAD99}
	EndGlobalSection
EndGlobal
