
Microsoft Visual Studio Solution File, Format Version 12.00
# Visual Studio Version 18
VisualStudioVersion = 18.4.11620.152 stable
MinimumVisualStudioVersion = 10.0.40219.1
Project("{FAE04EC0-301F-11D3-BF4B-00C04F79EFBC}") = "Web", "Web\Web.csproj", "{BE734518-64A2-4233-8A6E-7B6083B8620F}"
EndProject
Project("{FAE04EC0-301F-11D3-BF4B-00C04F79EFBC}") = "Demos", "Demos\Demos.csproj", "{7C2E00A0-59B3-46E6-9D0F-1B227CF06127}"
EndProject
Project("{FAE04EC0-301F-11D3-BF4B-00C04F79EFBC}") = "DemosTest", "DemosTest\DemosTest.csproj", "{510E969A-5A2F-4277-8CBB-B6D317C804AD}"
EndProject
Global
	GlobalSection(SolutionConfigurationPlatforms) = preSolution
		Debug|Any CPU = Debug|Any CPU
		Release|Any CPU = Release|Any CPU
	EndGlobalSection
	GlobalSection(ProjectConfigurationPlatforms) = postSolution
		{BE734518-64A2-4233-8A6E-7B6083B8620F}.Debug|Any CPU.ActiveCfg = Debug|Any CPU
		{BE734518-64A2-4233-8A6E-7B6083B8620F}.Debug|Any CPU.Build.0 = Debug|Any CPU
		{BE734518-64A2-4233-8A6E-7B6083B8620F}.Release|Any CPU.ActiveCfg = Release|Any CPU
		{BE734518-64A2-4233-8A6E-7B6083B8620F}.Release|Any CPU.Build.0 = Release|Any CPU
		{7C2E00A0-59B3-46E6-9D0F-1B227CF06127}.Debug|Any CPU.ActiveCfg = Debug|Any CPU
		{7C2E00A0-59B3-46E6-9D0F-1B227CF06127}.Debug|Any CPU.Build.0 = Debug|Any CPU
		{7C2E00A0-59B3-46E6-9D0F-1B227CF06127}.Release|Any CPU.ActiveCfg = Release|Any CPU
		{7C2E00A0-59B3-46E6-9D0F-1B227CF06127}.Release|Any CPU.Build.0 = Release|Any CPU
		{510E969A-5A2F-4277-8CBB-B6D317C804AD}.Debug|Any CPU.ActiveCfg = Debug|Any CPU
		{510E969A-5A2F-4277-8CBB-B6D317C804AD}.Debug|Any CPU.Build.0 = Debug|Any CPU
		{510E969A-5A2F-4277-8CBB-B6D317C804AD}.Release|Any CPU.ActiveCfg = Release|Any CPU
		{510E969A-5A2F-4277-8CBB-B6D317C804AD}.Release|Any CPU.Build.0 = Release|Any CPU
	EndGlobalSection
	GlobalSection(SolutionProperties) = preSolution
		HideSolutionNode = FALSE
	EndGlobalSection
	GlobalSection(ExtensibilityGlobals) = postSolution
		SolutionGuid = {53775EC8-A7BF-423F-ADBF-48AF663BAD99}
	EndGlobalSection
EndGlobal
